
Microsoft Visual Studio Solution File, Format Version 12.00
# Visual Studio 15
VisualStudioVersion = 15.0.28307.271
MinimumVisualStudioVersion = 10.0.40219.1
Project("{FAE04EC0-301F-11D3-BF4B-00C04F79EFBC}") = "Math app", "Math app\Math app.csproj", "{C2DEE921-7496-4BA4-A51B-B68039420BB6}"
EndProject
Global
	GlobalSection(SolutionConfigurationPlatforms) = preSolution
		Debug|Any CPU = Debug|Any CPU
		Release|Any CPU = Release|Any CPU
	EndGlobalSection
	GlobalSection(ProjectConfigurationPlatforms) = postSolution
		{C2DEE921-7496-4BA4-A51B-B68039420BB6}.Debug|Any CPU.ActiveCfg = Debug|Any CPU
		{C2DEE921-7496-4BA4-A51B-B68039420BB6}.Debug|Any CPU.Build.0 = Debug|Any CPU
		{C2DEE921-7496-4BA4-A51B-B68039420BB6}.Release|Any CPU.ActiveCfg = Release|Any CPU
		{C2DEE921-7496-4BA4-A51B-B68039420BB6}.Release|Any CPU.Build.0 = Release|Any CPU
	EndGlobalSection
	GlobalSection(SolutionProperties) = preSolution
		HideSolutionNode = FALSE
	EndGlobalSection
	GlobalSection(ExtensibilityGlobals) = postSolution
		SolutionGuid = {D6ACD8FE-3031-46EF-B2A2-11EF458ADAA8}
	EndGlobalSection
EndGlobal
